// !$*UTF8*$!
{
	archiveVersion = 1;
	classes = {
	};
	objectVersion = 56;
	objects = {

/* Begin PBXBuildFile section */
		309A65522A46FABC007BE959 /* SPAspectFillImageView.swift in Sources */ = {isa = PBXBuildFile; fileRef = 309A65512A46FABC007BE959 /* SPAspectFillImageView.swift */; };
		309A65552A46FC27007BE959 /* SwiftUIHelper.swift in Sources */ = {isa = PBXBuildFile; fileRef = 309A65542A46FC27007BE959 /* SwiftUIHelper.swift */; };
		309A65572A46FCA9007BE959 /* AppKitHelper.swift in Sources */ = {isa = PBXBuildFile; fileRef = 309A65562A46FCA9007BE959 /* AppKitHelper.swift */; };
		30FE82712A447F0E00C0948E /* AppDelegate.swift in Sources */ = {isa = PBXBuildFile; fileRef = 30FE82702A447F0E00C0948E /* AppDelegate.swift */; };
		30FE82752A447F1000C0948E /* Assets.xcassets in Resources */ = {isa = PBXBuildFile; fileRef = 30FE82742A447F1000C0948E /* Assets.xcassets */; };
		30FE82832A447F9800C0948E /* NSBaseViewController.swift in Sources */ = {isa = PBXBuildFile; fileRef = 30FE82812A447F9800C0948E /* NSBaseViewController.swift */; };
		30FE82842A447F9800C0948E /* NSBaseView.swift in Sources */ = {isa = PBXBuildFile; fileRef = 30FE82822A447F9800C0948E /* NSBaseView.swift */; };
		30FE82862A44818E00C0948E /* main.swift in Sources */ = {isa = PBXBuildFile; fileRef = 30FE82852A44818E00C0948E /* main.swift */; };
		30FE82882A44821F00C0948E /* ContentView.swift in Sources */ = {isa = PBXBuildFile; fileRef = 30FE82872A44821F00C0948E /* ContentView.swift */; };
/* End PBXBuildFile section */

/* Begin PBXFileReference section */
		309A65512A46FABC007BE959 /* SPAspectFillImageView.swift */ = {isa = PBXFileReference; lastKnownFileType = sourcecode.swift; path = SPAspectFillImageView.swift; sourceTree = "<group>"; };
		309A65542A46FC27007BE959 /* SwiftUIHelper.swift */ = {isa = PBXFileReference; lastKnownFileType = sourcecode.swift; path = SwiftUIHelper.swift; sourceTree = "<group>"; };
		309A65562A46FCA9007BE959 /* AppKitHelper.swift */ = {isa = PBXFileReference; lastKnownFileType = sourcecode.swift; path = AppKitHelper.swift; sourceTree = "<group>"; };
		30FE826D2A447F0E00C0948E /* AppKitHelper.app */ = {isa = PBXFileReference; explicitFileType = wrapper.application; includeInIndex = 0; path = AppKitHelper.app; sourceTree = BUILT_PRODUCTS_DIR; };
		30FE82702A447F0E00C0948E /* AppDelegate.swift */ = {isa = PBXFileReference; lastKnownFileType = sourcecode.swift; path = AppDelegate.swift; sourceTree = "<group>"; };
		30FE82742A447F1000C0948E /* Assets.xcassets */ = {isa = PBXFileReference; lastKnownFileType = folder.assetcatalog; path = Assets.xcassets; sourceTree = "<group>"; };
		30FE82792A447F1000C0948E /* AppKitHelper.entitlements */ = {isa = PBXFileReference; lastKnownFileType = text.plist.entitlements; path = AppKitHelper.entitlements; sourceTree = "<group>"; };
		30FE82812A447F9800C0948E /* NSBaseViewController.swift */ = {isa = PBXFileReference; fileEncoding = 4; lastKnownFileType = sourcecode.swift; path = NSBaseViewController.swift; sourceTree = "<group>"; };
		30FE82822A447F9800C0948E /* NSBaseView.swift */ = {isa = PBXFileReference; fileEncoding = 4; lastKnownFileType = sourcecode.swift; path = NSBaseView.swift; sourceTree = "<group>"; };
		30FE82852A44818E00C0948E /* main.swift */ = {isa = PBXFileReference; lastKnownFileType = sourcecode.swift; path = main.swift; sourceTree = "<group>"; };
		30FE82872A44821F00C0948E /* ContentView.swift */ = {isa = PBXFileReference; lastKnownFileType = sourcecode.swift; path = ContentView.swift; sourceTree = "<group>"; };
/* End PBXFileReference section */

/* Begin PBXFrameworksBuildPhase section */
		30FE826A2A447F0E00C0948E /* Frameworks */ = {
			isa = PBXFrameworksBuildPhase;
			buildActionMask = 2147483647;
			files = (
			);
			runOnlyForDeploymentPostprocessing = 0;
		};
/* End PBXFrameworksBuildPhase section */

/* Begin PBXGroup section */
		309A65502A46FA9D007BE959 /* View */ = {
			isa = PBXGroup;
			children = (
				309A65512A46FABC007BE959 /* SPAspectFillImageView.swift */,
			);
			path = View;
			sourceTree = "<group>";
		};
		309A65532A46FC10007BE959 /* Helper */ = {
			isa = PBXGroup;
			children = (
				309A65562A46FCA9007BE959 /* AppKitHelper.swift */,
				309A65542A46FC27007BE959 /* SwiftUIHelper.swift */,
			);
			path = Helper;
			sourceTree = "<group>";
		};
		30FE82642A447F0E00C0948E = {
			isa = PBXGroup;
			children = (
				30FE826F2A447F0E00C0948E /* AppKitHelper */,
				30FE826E2A447F0E00C0948E /* Products */,
			);
			sourceTree = "<group>";
		};
		30FE826E2A447F0E00C0948E /* Products */ = {
			isa = PBXGroup;
			children = (
				30FE826D2A447F0E00C0948E /* AppKitHelper.app */,
			);
			name = Products;
			sourceTree = "<group>";
		};
		30FE826F2A447F0E00C0948E /* AppKitHelper */ = {
			isa = PBXGroup;
			children = (
				30FE82792A447F1000C0948E /* AppKitHelper.entitlements */,
				30FE82702A447F0E00C0948E /* AppDelegate.swift */,
				30FE82872A44821F00C0948E /* ContentView.swift */,
				30FE82852A44818E00C0948E /* main.swift */,
				30FE82742A447F1000C0948E /* Assets.xcassets */,
				30FE82802A447F9800C0948E /* Base */,
				309A65532A46FC10007BE959 /* Helper */,
				309A65502A46FA9D007BE959 /* View */,
			);
			path = AppKitHelper;
			sourceTree = "<group>";
		};
		30FE82802A447F9800C0948E /* Base */ = {
			isa = PBXGroup;
			children = (
				30FE82812A447F9800C0948E /* NSBaseViewController.swift */,
				30FE82822A447F9800C0948E /* NSBaseView.swift */,
			);
			path = Base;
			sourceTree = "<group>";
		};
/* End PBXGroup section */

/* Begin PBXNativeTarget section */
		30FE826C2A447F0E00C0948E /* AppKitHelper */ = {
			isa = PBXNativeTarget;
			buildConfigurationList = 30FE827C2A447F1000C0948E /* Build configuration list for PBXNativeTarget "AppKitHelper" */;
			buildPhases = (
				30FE82692A447F0E00C0948E /* Sources */,
				30FE826A2A447F0E00C0948E /* Frameworks */,
				30FE826B2A447F0E00C0948E /* Resources */,
			);
			buildRules = (
			);
			dependencies = (
			);
			name = AppKitHelper;
			productName = AppKitHelper;
			productReference = 30FE826D2A447F0E00C0948E /* AppKitHelper.app */;
			productType = "com.apple.product-type.application";
		};
/* End PBXNativeTarget section */

/* Begin PBXProject section */
		30FE82652A447F0E00C0948E /* Project object */ = {
			isa = PBXProject;
			attributes = {
				BuildIndependentTargetsInParallel = 1;
				LastSwiftUpdateCheck = 1430;
				LastUpgradeCheck = 1430;
				ORGANIZATIONNAME = com.sauronpi;
				TargetAttributes = {
					30FE826C2A447F0E00C0948E = {
						CreatedOnToolsVersion = 14.3.1;
					};
				};
			};
			buildConfigurationList = 30FE82682A447F0E00C0948E /* Build configuration list for PBXProject "AppKitHelper" */;
			compatibilityVersion = "Xcode 14.0";
			developmentRegion = en;
			hasScannedForEncodings = 0;
			knownRegions = (
				en,
				Base,
			);
			mainGroup = 30FE82642A447F0E00C0948E;
			productRefGroup = 30FE826E2A447F0E00C0948E /* Products */;
			projectDirPath = "";
			projectRoot = "";
			targets = (
				30FE826C2A447F0E00C0948E /* AppKitHelper */,
			);
		};
/* End PBXProject section */

/* Begin PBXResourcesBuildPhase section */
		30FE826B2A447F0E00C0948E /* Resources */ = {
			isa = PBXResourcesBuildPhase;
			buildActionMask = 2147483647;
			files = (
				30FE82752A447F1000C0948E /* Assets.xcassets in Resources */,
			);
			runOnlyForDeploymentPostprocessing = 0;
		};
/* End PBXResourcesBuildPhase section */

/* Begin PBXSourcesBuildPhase section */
		30FE82692A447F0E00C0948E /* Sources */ = {
			isa = PBXSourcesBuildPhase;
			buildActionMask = 2147483647;
			files = (
				30FE82832A447F9800C0948E /* NSBaseViewController.swift in Sources */,
				30FE82882A44821F00C0948E /* ContentView.swift in Sources */,
				30FE82842A447F9800C0948E /* NSBaseView.swift in Sources */,
				30FE82862A44818E00C0948E /* main.swift in Sources */,
				309A65572A46FCA9007BE959 /* AppKitHelper.swift in Sources */,
				309A65552A46FC27007BE959 /* SwiftUIHelper.swift in Sources */,
				30FE82712A447F0E00C0948E /* AppDelegate.swift in Sources */,
				309A65522A46FABC007BE959 /* SPAspectFillImageView.swift in Sources */,
			);
			runOnlyForDeploymentPostprocessing = 0;
		};
/* End PBXSourcesBuildPhase section */

/* Begin XCBuildConfiguration section */
		30FE827A2A447F1000C0948E /* Debug */ = {
			isa = XCBuildConfiguration;
			buildSettings = {
				ALWAYS_SEARCH_USER_PATHS = NO;
				CLANG_ANALYZER_NONNULL = YES;
				CLANG_ANALYZER_NUMBER_OBJECT_CONVERSION = YES_AGGRESSIVE;
				CLANG_CXX_LANGUAGE_STANDARD = "gnu++20";
				CLANG_ENABLE_MODULES = YES;
				CLANG_ENABLE_OBJC_ARC = YES;
				CLANG_ENABLE_OBJC_WEAK = YES;
				CLANG_WARN_BLOCK_CAPTURE_AUTORELEASING = YES;
				CLANG_WARN_BOOL_CONVERSION = YES;
				CLANG_WARN_COMMA = YES;
				CLANG_WARN_CONSTANT_CONVERSION = YES;
				CLANG_WARN_DEPRECATED_OBJC_IMPLEMENTATIONS = YES;
				CLANG_WARN_DIRECT_OBJC_ISA_USAGE = YES_ERROR;
				CLANG_WARN_DOCUMENTATION_COMMENTS = YES;
				CLANG_WARN_EMPTY_BODY = YES;
				CLANG_WARN_ENUM_CONVERSION = YES;
				CLANG_WARN_INFINITE_RECURSION = YES;
				CLANG_WARN_INT_CONVERSION = YES;
				CLANG_WARN_NON_LITERAL_NULL_CONVERSION = YES;
				CLANG_WARN_OBJC_IMPLICIT_RETAIN_SELF = YES;
				CLANG_WARN_OBJC_LITERAL_CONVERSION = YES;
				CLANG_WARN_OBJC_ROOT_CLASS = YES_ERROR;
				CLANG_WARN_QUOTED_INCLUDE_IN_FRAMEWORK_HEADER = YES;
				CLANG_WARN_RANGE_LOOP_ANALYSIS = YES;
				CLANG_WARN_STRICT_PROTOTYPES = YES;
				CLANG_WARN_SUSPICIOUS_MOVE = YES;
				CLANG_WARN_UNGUARDED_AVAILABILITY = YES_AGGRESSIVE;
				CLANG_WARN_UNREACHABLE_CODE = YES;
				CLANG_WARN__DUPLICATE_METHOD_MATCH = YES;
				COPY_PHASE_STRIP = NO;
				DEBUG_INFORMATION_FORMAT = dwarf;
				ENABLE_STRICT_OBJC_MSGSEND = YES;
				ENABLE_TESTABILITY = YES;
				GCC_C_LANGUAGE_STANDARD = gnu11;
				GCC_DYNAMIC_NO_PIC = NO;
				GCC_NO_COMMON_BLOCKS = YES;
				GCC_OPTIMIZATION_LEVEL = 0;
				GCC_PREPROCESSOR_DEFINITIONS = (
					"DEBUG=1",
					"$(inherited)",
				);
				GCC_WARN_64_TO_32_BIT_CONVERSION = YES;
				GCC_WARN_ABOUT_RETURN_TYPE = YES_ERROR;
				GCC_WARN_UNDECLARED_SELECTOR = YES;
				GCC_WARN_UNINITIALIZED_AUTOS = YES_AGGRESSIVE;
				GCC_WARN_UNUSED_FUNCTION = YES;
				GCC_WARN_UNUSED_VARIABLE = YES;
				MACOSX_DEPLOYMENT_TARGET = 11.0;
				MTL_ENABLE_DEBUG_INFO = INCLUDE_SOURCE;
				MTL_FAST_MATH = YES;
				ONLY_ACTIVE_ARCH = YES;
				SDKROOT = macosx;
				SWIFT_ACTIVE_COMPILATION_CONDITIONS = DEBUG;
				SWIFT_OPTIMIZATION_LEVEL = "-Onone";
			};
			name = Debug;
		};
		30FE827B2A447F1000C0948E /* Release */ = {
			isa = XCBuildConfiguration;
			buildSettings = {
				ALWAYS_SEARCH_USER_PATHS = NO;
				CLANG_ANALYZER_NONNULL = YES;
				CLANG_ANALYZER_NUMBER_OBJECT_CONVERSION = YES_AGGRESSIVE;
				CLANG_CXX_LANGUAGE_STANDARD = "gnu++20";
				CLANG_ENABLE_MODULES = YES;
				CLANG_ENABLE_OBJC_ARC = YES;
				CLANG_ENABLE_OBJC_WEAK = YES;
				CLANG_WARN_BLOCK_CAPTURE_AUTORELEASING = YES;
				CLANG_WARN_BOOL_CONVERSION = YES;
				CLANG_WARN_COMMA = YES;
				CLANG_WARN_CONSTANT_CONVERSION = YES;
				CLANG_WARN_DEPRECATED_OBJC_IMPLEMENTATIONS = YES;
				CLANG_WARN_DIRECT_OBJC_ISA_USAGE = YES_ERROR;
				CLANG_WARN_DOCUMENTATION_COMMENTS = YES;
				CLANG_WARN_EMPTY_BODY = YES;
				CLANG_WARN_ENUM_CONVERSION = YES;
				CLANG_WARN_INFINITE_RECURSION = YES;
				CLANG_WARN_INT_CONVERSION = YES;
				CLANG_WARN_NON_LITERAL_NULL_CONVERSION = YES;
				CLANG_WARN_OBJC_IMPLICIT_RETAIN_SELF = YES;
				CLANG_WARN_OBJC_LITERAL_CONVERSION = YES;
				CLANG_WARN_OBJC_ROOT_CLASS = YES_ERROR;
				CLANG_WARN_QUOTED_INCLUDE_IN_FRAMEWORK_HEADER = YES;
				CLANG_WARN_RANGE_LOOP_ANALYSIS = YES;
				CLANG_WARN_STRICT_PROTOTYPES = YES;
				CLANG_WARN_SUSPICIOUS_MOVE = YES;
				CLANG_WARN_UNGUARDED_AVAILABILITY = YES_AGGRESSIVE;
				CLANG_WARN_UNREACHABLE_CODE = YES;
				CLANG_WARN__DUPLICATE_METHOD_MATCH = YES;
				COPY_PHASE_STRIP = NO;
				DEBUG_INFORMATION_FORMAT = "dwarf-with-dsym";
				ENABLE_NS_ASSERTIONS = NO;
				ENABLE_STRICT_OBJC_MSGSEND = YES;
				GCC_C_LANGUAGE_STANDARD = gnu11;
				GCC_NO_COMMON_BLOCKS = YES;
				GCC_WARN_64_TO_32_BIT_CONVERSION = YES;
				GCC_WARN_ABOUT_RETURN_TYPE = YES_ERROR;
				GCC_WARN_UNDECLARED_SELECTOR = YES;
				GCC_WARN_UNINITIALIZED_AUTOS = YES_AGGRESSIVE;
				GCC_WARN_UNUSED_FUNCTION = YES;
				GCC_WARN_UNUSED_VARIABLE = YES;
				MACOSX_DEPLOYMENT_TARGET = 11.0;
				MTL_ENABLE_DEBUG_INFO = NO;
				MTL_FAST_MATH = YES;
				SDKROOT = macosx;
				SWIFT_COMPILATION_MODE = wholemodule;
				SWIFT_OPTIMIZATION_LEVEL = "-O";
			};
			name = Release;
		};
		30FE827D2A447F1000C0948E /* Debug */ = {
			isa = XCBuildConfiguration;
			buildSettings = {
				ASSETCATALOG_COMPILER_APPICON_NAME = AppIcon;
				ASSETCATALOG_COMPILER_GLOBAL_ACCENT_COLOR_NAME = AccentColor;
				CODE_SIGN_ENTITLEMENTS = AppKitHelper/AppKitHelper.entitlements;
				CODE_SIGN_STYLE = Automatic;
				COMBINE_HIDPI_IMAGES = YES;
				CURRENT_PROJECT_VERSION = 1;
				GENERATE_INFOPLIST_FILE = YES;
				INFOPLIST_KEY_NSHumanReadableCopyright = "";
				INFOPLIST_KEY_NSPrincipalClass = NSApplication;
				LD_RUNPATH_SEARCH_PATHS = (
					"$(inherited)",
					"@executable_path/../Frameworks",
				);
				MACOSX_DEPLOYMENT_TARGET = 11.0;
				MARKETING_VERSION = 1.0;
				PRODUCT_BUNDLE_IDENTIFIER = com.sauronpi.AppKitHelper;
				PRODUCT_NAME = "$(TARGET_NAME)";
				SWIFT_EMIT_LOC_STRINGS = YES;
				SWIFT_VERSION = 5.0;
			};
			name = Debug;
		};
		30FE827E2A447F1000C0948E /* Release */ = {
			isa = XCBuildConfiguration;
			buildSettings = {
				ASSETCATALOG_COMPILER_APPICON_NAME = AppIcon;
				ASSETCATALOG_COMPILER_GLOBAL_ACCENT_COLOR_NAME = AccentColor;
				CODE_SIGN_ENTITLEMENTS = AppKitHelper/AppKitHelper.entitlements;
				CODE_SIGN_STYLE = Automatic;
				COMBINE_HIDPI_IMAGES = YES;
				CURRENT_PROJECT_VERSION = 1;
				GENERATE_INFOPLIST_FILE = YES;
				INFOPLIST_KEY_NSHumanReadableCopyright = "";
				INFOPLIST_KEY_NSPrincipalClass = NSApplication;
				LD_RUNPATH_SEARCH_PATHS = (
					"$(inherited)",
					"@executable_path/../Frameworks",
				);
				MACOSX_DEPLOYMENT_TARGET = 11.0;
				MARKETING_VERSION = 1.0;
				PRODUCT_BUNDLE_IDENTIFIER = com.sauronpi.AppKitHelper;
				PRODUCT_NAME = "$(TARGET_NAME)";
				SWIFT_EMIT_LOC_STRINGS = YES;
				SWIFT_VERSION = 5.0;
			};
			name = Release;
		};
/* End XCBuildConfiguration section */

/* Begin XCConfigurationList section */
		30FE82682A447F0E00C0948E /* Build configuration list for PBXProject "AppKitHelper" */ = {
			isa = XCConfigurationList;
			buildConfigurations = (
				30FE827A2A447F1000C0948E /* Debug */,
				30FE827B2A447F1000C0948E /* Release */,
			);
			defaultConfigurationIsVisible = 0;
			defaultConfigurationName = Release;
		};
		30FE827C2A447F1000C0948E /* Build configuration list for PBXNativeTarget "AppKitHelper" */ = {
			isa = XCConfigurationList;
			buildConfigurations = (
				30FE827D2A447F1000C0948E /* Debug */,
				30FE827E2A447F1000C0948E /* Release */,
			);
			defaultConfigurationIsVisible = 0;
			defaultConfigurationName = Release;
		};
/* End XCConfigurationList section */
	};
	rootObject = 30FE82652A447F0E00C0948E /* Project object */;
}
